
Microsoft Visual Studio Solution File, Format Version 12.00
# Visual Studio Version 16
VisualStudioVersion = 16.0.32802.440
MinimumVisualStudioVersion = 10.0.40219.1
Project("{FAE04EC0-301F-11D3-BF4B-00C04F79EFBC}") = "OnlyBinding", "OnlyBinding\OnlyBinding.csproj", "{08215CF9-20ED-44A2-9602-62E606B163B3}"
EndProject
Global
	GlobalSection(SolutionConfigurationPlatforms) = preSolution
		Debug|Any CPU = Debug|Any CPU
		Release|Any CPU = Release|Any CPU
	EndGlobalSection
	GlobalSection(ProjectConfigurationPlatforms) = postSolution
		{08215CF9-20ED-44A2-9602-62E606B163B3}.Debug|Any CPU.ActiveCfg = Debug|Any CPU
		{08215CF9-20ED-44A2-9602-62E606B163B3}.Debug|Any CPU.Build.0 = Debug|Any CPU
		{08215CF9-20ED-44A2-9602-62E606B163B3}.Release|Any CPU.ActiveCfg = Release|Any CPU
		{08215CF9-20ED-44A2-9602-62E606B163B3}.Release|Any CPU.Build.0 = Release|Any CPU
	EndGlobalSection
	GlobalSection(SolutionProperties) = preSolution
		HideSolutionNode = FALSE
	EndGlobalSection
	GlobalSection(ExtensibilityGlobals) = postSolution
		SolutionGuid = {AC1BA3A0-CD55-4D6F-9ACE-13DE1C7E8A83}
	EndGlobalSection
EndGlobal
